{
  "name": "yarn-berry-playground",
  "version": "1.0.0",
  "lockfileVersion": 2,
  "requires": true,
  "packages": {
    "": {
      "name": "yarn-berry-playground",
      "version": "1.0.0",
      "license": "MIT",
      "workspaces": [
        "packages/*"
      ],
      "dependencies": {
        "lodash": "^4.17.21"
      },
      "devDependencies": {
        "@types/node": "^20.1.0"
      }
    },
    "node_modules/@types/node": {
      "version": "20.1.0",
      "resolved": "https://packages.atlassian.com/api/npm/npm-remote/@types/node/-/node-20.1.0.tgz",
      "integrity": "sha512-O+z53uwx64xY7D6roOi4+jApDGFg0qn6WHcxe5QeqjMaTezBO/mxdfFXIVAVVyNWKx84OmPB3L8kbVYOTeN34A==",
      "dev": true
    },
    "node_modules/@yash/linter": {
      "resolved": "packages/linter",
      "link": true
    },
    "node_modules/@yash/logger": {
      "resolved": "packages/logger",
      "link": true
    },
    "node_modules/lodash": {
      "version": "4.17.21",
      "resolved": "https://packages.atlassian.com/api/npm/npm-remote/lodash/-/lodash-4.17.21.tgz",
      "integrity": "sha512-v2kDEe57lecTulaDIuNTPy3Ry4gLGJ6Z1O3vE1krgXZNrsQ+LFTGHVxVjcXPs17LhbZVGedAJv8XZ1tvj5FvSg=="
    },
    "packages/linter": {
      "name": "@yash/linter",
      "version": "1.0.0",
      "dependencies": {
        "@yash/logger": "1.0.0"
      }
    },
    "packages/logger": {
      "name": "@yash/logger",
      "version": "1.0.0"
    }
  },
  "dependencies": {
    "@types/node": {
      "version": "20.1.0",
      "resolved": "https://packages.atlassian.com/api/npm/npm-remote/@types/node/-/node-20.1.0.tgz",
      "integrity": "sha512-O+z53uwx64xY7D6roOi4+jApDGFg0qn6WHcxe5QeqjMaTezBO/mxdfFXIVAVVyNWKx84OmPB3L8kbVYOTeN34A==",
      "dev": true
    },
    "@yash/linter": {
      "version": "file:packages/linter",
      "requires": {
        "@yash/logger": "1.0.0"
      }
    },
    "@yash/logger": {
      "version": "file:packages/logger"
    },
    "lodash": {
      "version": "4.17.21",
      "resolved": "https://packages.atlassian.com/api/npm/npm-remote/lodash/-/lodash-4.17.21.tgz",
      "integrity": "sha512-v2kDEe57lecTulaDIuNTPy3Ry4gLGJ6Z1O3vE1krgXZNrsQ+LFTGHVxVjcXPs17LhbZVGedAJv8XZ1tvj5FvSg=="
    }
  }
}
