# THIS IS AN AUTOGENERATED FILE. DO NOT EDIT THIS FILE DIRECTLY.
# yarn lockfile v1


"@types/node@^20.1.0":
  "integrity" "sha512-O+z53uwx64xY7D6roOi4+jApDGFg0qn6WHcxe5QeqjMaTezBO/mxdfFXIVAVVyNWKx84OmPB3L8kbVYOTeN34A=="
  "resolved" "https://packages.atlassian.com/api/npm/npm-remote/@types/node/-/node-20.1.0.tgz"
  "version" "20.1.0"

"@yash/linter@file:/Users/yagarwal/Desktop/Personal Projects/yarn-berry-playground/packages/linter":
  "resolved" "file:packages/linter"
  "version" "1.0.0"
  dependencies:
    "@yash/logger" "1.0.0"

"@yash/logger@1.0.0", "@yash/logger@file:/Users/yagarwal/Desktop/Personal Projects/yarn-berry-playground/packages/logger":
  "resolved" "file:packages/logger"
  "version" "1.0.0"

"lodash@^4.17.21":
  "integrity" "sha512-v2kDEe57lecTulaDIuNTPy3Ry4gLGJ6Z1O3vE1krgXZNrsQ+LFTGHVxVjcXPs17LhbZVGedAJv8XZ1tvj5FvSg=="
  "resolved" "https://packages.atlassian.com/api/npm/npm-remote/lodash/-/lodash-4.17.21.tgz"
  "version" "4.17.21"
