# This file is generated by running "yarn install" inside your project.
# Manual changes might be lost - proceed with caution!

__metadata:
  version: 6
  cacheKey: 8

"@yash/linter@workspace:packages/linter":
  version: 0.0.0-use.local
  resolution: "@yash/linter@workspace:packages/linter"
  dependencies:
    "@yash/logger": 1.0.0
  languageName: unknown
  linkType: soft

"@yash/logger@1.0.0, @yash/logger@workspace:packages/logger":
  version: 0.0.0-use.local
  resolution: "@yash/logger@workspace:packages/logger"
  languageName: unknown
  linkType: soft

"lodash@npm:^4.17.21":
  version: 4.17.21
  resolution: "lodash@npm:4.17.21"
  checksum: eb835a2e51d381e561e508ce932ea50a8e5a68f4ebdd771ea240d3048244a8d13658acbd502cd4829768c56f2e16bdd4340b9ea141297d472517b83868e677f7
  languageName: node
  linkType: hard

"yarn-berry-playground@workspace:.":
  version: 0.0.0-use.local
  resolution: "yarn-berry-playground@workspace:."
  dependencies:
    lodash: ^4.17.21
  languageName: unknown
  linkType: soft
